
Microsoft Visual Studio Solution File, Format Version 12.00
# Visual Studio Version 16
VisualStudioVersion = 16.0.29519.87
MinimumVisualStudioVersion = 10.0.40219.1
Project("{2150E333-8FDC-42A3-9474-1A3956D46DE8}") = "DomainLayer", "DomainLayer", "{6A7C2719-CB87-404A-A936-70ECD6E23CBF}"
EndProject
Project("{2150E333-8FDC-42A3-9474-1A3956D46DE8}") = "RepositoryLayer", "RepositoryLayer", "{7A5AD7C9-AABC-4D1F-80CC-4782A624E31E}"
EndProject
Project("{2150E333-8FDC-42A3-9474-1A3956D46DE8}") = "ServicesLayer", "ServicesLayer", "{B87661BF-57ED-4DA1-9664-8008BF815D9B}"
EndProject
Project("{2150E333-8FDC-42A3-9474-1A3956D46DE8}") = "OuterLayer", "OuterLayer", "{88BE2725-B518-494B-8EF3-A11DD95B8C51}"
EndProject
Project("{FAE04EC0-301F-11D3-BF4B-00C04F79EFBC}") = "Medialink.Api.Tests", "Medialink.Api.Tests\Medialink.Api.Tests.csproj", "{9047D850-FE57-4A49-AE5A-D748332F3482}"
EndProject
Project("{FAE04EC0-301F-11D3-BF4B-00C04F79EFBC}") = "Medialink.Lib.Tests", "Medialink.Lib.Tests\Medialink.Lib.Tests.csproj", "{9D77389C-0FEB-4E15-B15A-4E9C6589A71D}"
EndProject
Project("{2150E333-8FDC-42A3-9474-1A3956D46DE8}") = "Tests", "Tests", "{8195F12B-1BF8-41E5-99D7-02992F9A0341}"
EndProject
Project("{2150E333-8FDC-42A3-9474-1A3956D46DE8}") = "Infrastructure", "Infrastructure", "{89BB543D-FC41-4732-8928-D521F58F26A8}"
EndProject
Project("{2150E333-8FDC-42A3-9474-1A3956D46DE8}") = "UserInterface", "UserInterface", "{EFF4EC55-3A1E-4746-93DF-7631589968D6}"
EndProject
Project("{FAE04EC0-301F-11D3-BF4B-00C04F79EFBC}") = "Medialink.WinFormsUI", "Medialink.WinFormsUI\Medialink.WinFormsUI.csproj", "{76BD6511-545E-40B8-A3C8-08998F21693E}"
EndProject
Project("{2150E333-8FDC-42A3-9474-1A3956D46DE8}") = "Database", "Database", "{B3170FED-B1B9-47A4-9BD7-DBDFDC559325}"
EndProject
Project("{2150E333-8FDC-42A3-9474-1A3956D46DE8}") = "WebService", "WebService", "{DD8C50DA-0BB3-46D1-B6B2-29D80361D0DE}"
EndProject
Project("{2150E333-8FDC-42A3-9474-1A3956D46DE8}") = "File", "File", "{E2FF703C-D74F-47AF-B9DA-F846DEBD79A4}"
EndProject
Project("{FAE04EC0-301F-11D3-BF4B-00C04F79EFBC}") = "Medialink.Api", "Medialink.Api\Medialink.Api.csproj", "{A0E2992D-4793-4EF9-993F-512692445430}"
EndProject
Project("{FAE04EC0-301F-11D3-BF4B-00C04F79EFBC}") = "Medialink.RepositoryInterfaces", "Medialink.RepositoryInterfaces\Medialink.RepositoryInterfaces.csproj", "{4107AEF0-BDD0-4FA7-96EF-0E1A9272A55E}"
EndProject
Project("{FAE04EC0-301F-11D3-BF4B-00C04F79EFBC}") = "Medialink.Lib", "Medialink.Lib\Medialink.Lib.csproj", "{D5A08CAA-EE27-44FD-89D7-C3B92E57290E}"
EndProject
Project("{FAE04EC0-301F-11D3-BF4B-00C04F79EFBC}") = "Medialink.Database", "Medialink.Database\Medialink.Database.csproj", "{F242ADF1-2A93-44C2-B748-2273FAF6582B}"
EndProject
Project("{FAE04EC0-301F-11D3-BF4B-00C04F79EFBC}") = "Medialink.Domain", "Medialink.Domain\Medialink.Domain.csproj", "{E8CCC178-9457-4E18-B8F5-D65C7A9A7E2D}"
EndProject
Project("{FAE04EC0-301F-11D3-BF4B-00C04F79EFBC}") = "Medialink.ApiClient", "Medialink.ApiClient\Medialink.ApiClient.csproj", "{91FD8126-4224-40DA-B16E-0A2B035748CC}"
EndProject
Global
	GlobalSection(SolutionConfigurationPlatforms) = preSolution
		Debug|Any CPU = Debug|Any CPU
		Release|Any CPU = Release|Any CPU
	EndGlobalSection
	GlobalSection(ProjectConfigurationPlatforms) = postSolution
		{9047D850-FE57-4A49-AE5A-D748332F3482}.Debug|Any CPU.ActiveCfg = Debug|Any CPU
		{9047D850-FE57-4A49-AE5A-D748332F3482}.Debug|Any CPU.Build.0 = Debug|Any CPU
		{9047D850-FE57-4A49-AE5A-D748332F3482}.Release|Any CPU.ActiveCfg = Release|Any CPU
		{9047D850-FE57-4A49-AE5A-D748332F3482}.Release|Any CPU.Build.0 = Release|Any CPU
		{9D77389C-0FEB-4E15-B15A-4E9C6589A71D}.Debug|Any CPU.ActiveCfg = Debug|Any CPU
		{9D77389C-0FEB-4E15-B15A-4E9C6589A71D}.Debug|Any CPU.Build.0 = Debug|Any CPU
		{9D77389C-0FEB-4E15-B15A-4E9C6589A71D}.Release|Any CPU.ActiveCfg = Release|Any CPU
		{9D77389C-0FEB-4E15-B15A-4E9C6589A71D}.Release|Any CPU.Build.0 = Release|Any CPU
		{76BD6511-545E-40B8-A3C8-08998F21693E}.Debug|Any CPU.ActiveCfg = Debug|Any CPU
		{76BD6511-545E-40B8-A3C8-08998F21693E}.Debug|Any CPU.Build.0 = Debug|Any CPU
		{76BD6511-545E-40B8-A3C8-08998F21693E}.Release|Any CPU.ActiveCfg = Release|Any CPU
		{76BD6511-545E-40B8-A3C8-08998F21693E}.Release|Any CPU.Build.0 = Release|Any CPU
		{A0E2992D-4793-4EF9-993F-512692445430}.Debug|Any CPU.ActiveCfg = Debug|Any CPU
		{A0E2992D-4793-4EF9-993F-512692445430}.Debug|Any CPU.Build.0 = Debug|Any CPU
		{A0E2992D-4793-4EF9-993F-512692445430}.Release|Any CPU.ActiveCfg = Release|Any CPU
		{A0E2992D-4793-4EF9-993F-512692445430}.Release|Any CPU.Build.0 = Release|Any CPU
		{4107AEF0-BDD0-4FA7-96EF-0E1A9272A55E}.Debug|Any CPU.ActiveCfg = Debug|Any CPU
		{4107AEF0-BDD0-4FA7-96EF-0E1A9272A55E}.Debug|Any CPU.Build.0 = Debug|Any CPU
		{4107AEF0-BDD0-4FA7-96EF-0E1A9272A55E}.Release|Any CPU.ActiveCfg = Release|Any CPU
		{4107AEF0-BDD0-4FA7-96EF-0E1A9272A55E}.Release|Any CPU.Build.0 = Release|Any CPU
		{D5A08CAA-EE27-44FD-89D7-C3B92E57290E}.Debug|Any CPU.ActiveCfg = Debug|Any CPU
		{D5A08CAA-EE27-44FD-89D7-C3B92E57290E}.Debug|Any CPU.Build.0 = Debug|Any CPU
		{D5A08CAA-EE27-44FD-89D7-C3B92E57290E}.Release|Any CPU.ActiveCfg = Release|Any CPU
		{D5A08CAA-EE27-44FD-89D7-C3B92E57290E}.Release|Any CPU.Build.0 = Release|Any CPU
		{F242ADF1-2A93-44C2-B748-2273FAF6582B}.Debug|Any CPU.ActiveCfg = Debug|Any CPU
		{F242ADF1-2A93-44C2-B748-2273FAF6582B}.Debug|Any CPU.Build.0 = Debug|Any CPU
		{F242ADF1-2A93-44C2-B748-2273FAF6582B}.Release|Any CPU.ActiveCfg = Release|Any CPU
		{F242ADF1-2A93-44C2-B748-2273FAF6582B}.Release|Any CPU.Build.0 = Release|Any CPU
		{E8CCC178-9457-4E18-B8F5-D65C7A9A7E2D}.Debug|Any CPU.ActiveCfg = Debug|Any CPU
		{E8CCC178-9457-4E18-B8F5-D65C7A9A7E2D}.Debug|Any CPU.Build.0 = Debug|Any CPU
		{E8CCC178-9457-4E18-B8F5-D65C7A9A7E2D}.Release|Any CPU.ActiveCfg = Release|Any CPU
		{E8CCC178-9457-4E18-B8F5-D65C7A9A7E2D}.Release|Any CPU.Build.0 = Release|Any CPU
		{91FD8126-4224-40DA-B16E-0A2B035748CC}.Debug|Any CPU.ActiveCfg = Debug|Any CPU
		{91FD8126-4224-40DA-B16E-0A2B035748CC}.Debug|Any CPU.Build.0 = Debug|Any CPU
		{91FD8126-4224-40DA-B16E-0A2B035748CC}.Release|Any CPU.ActiveCfg = Release|Any CPU
		{91FD8126-4224-40DA-B16E-0A2B035748CC}.Release|Any CPU.Build.0 = Release|Any CPU
	EndGlobalSection
	GlobalSection(SolutionProperties) = preSolution
		HideSolutionNode = FALSE
	EndGlobalSection
	GlobalSection(NestedProjects) = preSolution
		{9047D850-FE57-4A49-AE5A-D748332F3482} = {8195F12B-1BF8-41E5-99D7-02992F9A0341}
		{9D77389C-0FEB-4E15-B15A-4E9C6589A71D} = {8195F12B-1BF8-41E5-99D7-02992F9A0341}
		{8195F12B-1BF8-41E5-99D7-02992F9A0341} = {88BE2725-B518-494B-8EF3-A11DD95B8C51}
		{89BB543D-FC41-4732-8928-D521F58F26A8} = {88BE2725-B518-494B-8EF3-A11DD95B8C51}
		{EFF4EC55-3A1E-4746-93DF-7631589968D6} = {88BE2725-B518-494B-8EF3-A11DD95B8C51}
		{76BD6511-545E-40B8-A3C8-08998F21693E} = {EFF4EC55-3A1E-4746-93DF-7631589968D6}
		{B3170FED-B1B9-47A4-9BD7-DBDFDC559325} = {89BB543D-FC41-4732-8928-D521F58F26A8}
		{DD8C50DA-0BB3-46D1-B6B2-29D80361D0DE} = {89BB543D-FC41-4732-8928-D521F58F26A8}
		{E2FF703C-D74F-47AF-B9DA-F846DEBD79A4} = {89BB543D-FC41-4732-8928-D521F58F26A8}
		{A0E2992D-4793-4EF9-993F-512692445430} = {DD8C50DA-0BB3-46D1-B6B2-29D80361D0DE}
		{4107AEF0-BDD0-4FA7-96EF-0E1A9272A55E} = {7A5AD7C9-AABC-4D1F-80CC-4782A624E31E}
		{D5A08CAA-EE27-44FD-89D7-C3B92E57290E} = {B87661BF-57ED-4DA1-9664-8008BF815D9B}
		{F242ADF1-2A93-44C2-B748-2273FAF6582B} = {B3170FED-B1B9-47A4-9BD7-DBDFDC559325}
		{E8CCC178-9457-4E18-B8F5-D65C7A9A7E2D} = {6A7C2719-CB87-404A-A936-70ECD6E23CBF}
		{91FD8126-4224-40DA-B16E-0A2B035748CC} = {DD8C50DA-0BB3-46D1-B6B2-29D80361D0DE}
	EndGlobalSection
	GlobalSection(ExtensibilityGlobals) = postSolution
		SolutionGuid = {EE1447C1-7F75-4B48-8CB9-E29E38BBC167}
	EndGlobalSection
EndGlobal
